
Microsoft Visual Studio Solution File, Format Version 12.00
# Visual Studio Version 17
VisualStudioVersion = 17.0.31903.59
MinimumVisualStudioVersion = 10.0.40219.1
Project("{2150E333-8FDC-42A3-9474-1A3956D46DE8}") = "src", "src", "{827E0CD3-B72D-47B6-A68D-7590B98EB39B}"
EndProject
Project("{FAE04EC0-301F-11D3-BF4B-00C04F79EFBC}") = "Oficina.Autenticacao", "src\Oficina.Autenticacao\Oficina.Autenticacao.csproj", "{04926E28-A1EB-42C2-B755-7083DAB8D4DF}"
EndProject
Project("{FAE04EC0-301F-11D3-BF4B-00C04F79EFBC}") = "Oficina.Notificacoes", "src\Oficina.Notificacoes\Oficina.Notificacoes.csproj", "{8E6CD92C-4355-4977-8120-599FA629DED8}"
EndProject
Project("{FAE04EC0-301F-11D3-BF4B-00C04F79EFBC}") = "Oficina.Serverless.Tests", "tests\Oficina.Serverless.Tests\Oficina.Serverless.Tests.csproj", "{84E7FFB2-6BA8-46ED-B46C-A1AAD7328470}"
EndProject
Project("{FAE04EC0-301F-11D3-BF4B-00C04F79EFBC}") = "Oficina.Autenticacao.Local", "src\Oficina.Autenticacao.Local\Oficina.Autenticacao.Local.csproj", "{1F3B9264-625D-4366-A612-B734BB0B3FB7}"
EndProject
Global
	GlobalSection(SolutionConfigurationPlatforms) = preSolution
		Debug|Any CPU = Debug|Any CPU
		Debug|x64 = Debug|x64
		Debug|x86 = Debug|x86
		Release|Any CPU = Release|Any CPU
		Release|x64 = Release|x64
		Release|x86 = Release|x86
	EndGlobalSection
	GlobalSection(ProjectConfigurationPlatforms) = postSolution
		{04926E28-A1EB-42C2-B755-7083DAB8D4DF}.Debug|Any CPU.ActiveCfg = Debug|Any CPU
		{04926E28-A1EB-42C2-B755-7083DAB8D4DF}.Debug|Any CPU.Build.0 = Debug|Any CPU
		{04926E28-A1EB-42C2-B755-7083DAB8D4DF}.Debug|x64.ActiveCfg = Debug|Any CPU
		{04926E28-A1EB-42C2-B755-7083DAB8D4DF}.Debug|x64.Build.0 = Debug|Any CPU
		{04926E28-A1EB-42C2-B755-7083DAB8D4DF}.Debug|x86.ActiveCfg = Debug|Any CPU
		{04926E28-A1EB-42C2-B755-7083DAB8D4DF}.Debug|x86.Build.0 = Debug|Any CPU
		{04926E28-A1EB-42C2-B755-7083DAB8D4DF}.Release|Any CPU.ActiveCfg = Release|Any CPU
		{04926E28-A1EB-42C2-B755-7083DAB8D4DF}.Release|Any CPU.Build.0 = Release|Any CPU
		{04926E28-A1EB-42C2-B755-7083DAB8D4DF}.Release|x64.ActiveCfg = Release|Any CPU
		{04926E28-A1EB-42C2-B755-7083DAB8D4DF}.Release|x64.Build.0 = Release|Any CPU
		{04926E28-A1EB-42C2-B755-7083DAB8D4DF}.Release|x86.ActiveCfg = Release|Any CPU
		{04926E28-A1EB-42C2-B755-7083DAB8D4DF}.Release|x86.Build.0 = Release|Any CPU
		{8E6CD92C-4355-4977-8120-599FA629DED8}.Debug|Any CPU.ActiveCfg = Debug|Any CPU
		{8E6CD92C-4355-4977-8120-599FA629DED8}.Debug|Any CPU.Build.0 = Debug|Any CPU
		{8E6CD92C-4355-4977-8120-599FA629DED8}.Debug|x64.ActiveCfg = Debug|Any CPU
		{8E6CD92C-4355-4977-8120-599FA629DED8}.Debug|x64.Build.0 = Debug|Any CPU
		{8E6CD92C-4355-4977-8120-599FA629DED8}.Debug|x86.ActiveCfg = Debug|Any CPU
		{8E6CD92C-4355-4977-8120-599FA629DED8}.Debug|x86.Build.0 = Debug|Any CPU
		{8E6CD92C-4355-4977-8120-599FA629DED8}.Release|Any CPU.ActiveCfg = Release|Any CPU
		{8E6CD92C-4355-4977-8120-599FA629DED8}.Release|Any CPU.Build.0 = Release|Any CPU
		{8E6CD92C-4355-4977-8120-599FA629DED8}.Release|x64.ActiveCfg = Release|Any CPU
		{8E6CD92C-4355-4977-8120-599FA629DED8}.Release|x64.Build.0 = Release|Any CPU
		{8E6CD92C-4355-4977-8120-599FA629DED8}.Release|x86.ActiveCfg = Release|Any CPU
		{8E6CD92C-4355-4977-8120-599FA629DED8}.Release|x86.Build.0 = Release|Any CPU
		{84E7FFB2-6BA8-46ED-B46C-A1AAD7328470}.Debug|Any CPU.ActiveCfg = Debug|Any CPU
		{84E7FFB2-6BA8-46ED-B46C-A1AAD7328470}.Debug|Any CPU.Build.0 = Debug|Any CPU
		{84E7FFB2-6BA8-46ED-B46C-A1AAD7328470}.Debug|x64.ActiveCfg = Debug|Any CPU
		{84E7FFB2-6BA8-46ED-B46C-A1AAD7328470}.Debug|x64.Build.0 = Debug|Any CPU
		{84E7FFB2-6BA8-46ED-B46C-A1AAD7328470}.Debug|x86.ActiveCfg = Debug|Any CPU
		{84E7FFB2-6BA8-46ED-B46C-A1AAD7328470}.Debug|x86.Build.0 = Debug|Any CPU
		{84E7FFB2-6BA8-46ED-B46C-A1AAD7328470}.Release|Any CPU.ActiveCfg = Release|Any CPU
		{84E7FFB2-6BA8-46ED-B46C-A1AAD7328470}.Release|Any CPU.Build.0 = Release|Any CPU
		{84E7FFB2-6BA8-46ED-B46C-A1AAD7328470}.Release|x64.ActiveCfg = Release|Any CPU
		{84E7FFB2-6BA8-46ED-B46C-A1AAD7328470}.Release|x64.Build.0 = Release|Any CPU
		{84E7FFB2-6BA8-46ED-B46C-A1AAD7328470}.Release|x86.ActiveCfg = Release|Any CPU
		{84E7FFB2-6BA8-46ED-B46C-A1AAD7328470}.Release|x86.Build.0 = Release|Any CPU
		{1F3B9264-625D-4366-A612-B734BB0B3FB7}.Debug|Any CPU.ActiveCfg = Debug|Any CPU
		{1F3B9264-625D-4366-A612-B734BB0B3FB7}.Debug|Any CPU.Build.0 = Debug|Any CPU
		{1F3B9264-625D-4366-A612-B734BB0B3FB7}.Debug|x64.ActiveCfg = Debug|Any CPU
		{1F3B9264-625D-4366-A612-B734BB0B3FB7}.Debug|x64.Build.0 = Debug|Any CPU
		{1F3B9264-625D-4366-A612-B734BB0B3FB7}.Debug|x86.ActiveCfg = Debug|Any CPU
		{1F3B9264-625D-4366-A612-B734BB0B3FB7}.Debug|x86.Build.0 = Debug|Any CPU
		{1F3B9264-625D-4366-A612-B734BB0B3FB7}.Release|Any CPU.ActiveCfg = Release|Any CPU
		{1F3B9264-625D-4366-A612-B734BB0B3FB7}.Release|Any CPU.Build.0 = Release|Any CPU
		{1F3B9264-625D-4366-A612-B734BB0B3FB7}.Release|x64.ActiveCfg = Release|Any CPU
		{1F3B9264-625D-4366-A612-B734BB0B3FB7}.Release|x64.Build.0 = Release|Any CPU
		{1F3B9264-625D-4366-A612-B734BB0B3FB7}.Release|x86.ActiveCfg = Release|Any CPU
		{1F3B9264-625D-4366-A612-B734BB0B3FB7}.Release|x86.Build.0 = Release|Any CPU
	EndGlobalSection
	GlobalSection(SolutionProperties) = preSolution
		HideSolutionNode = FALSE
	EndGlobalSection
	GlobalSection(NestedProjects) = preSolution
		{04926E28-A1EB-42C2-B755-7083DAB8D4DF} = {827E0CD3-B72D-47B6-A68D-7590B98EB39B}
		{8E6CD92C-4355-4977-8120-599FA629DED8} = {827E0CD3-B72D-47B6-A68D-7590B98EB39B}
		{84E7FFB2-6BA8-46ED-B46C-A1AAD7328470} = {827E0CD3-B72D-47B6-A68D-7590B98EB39B}
		{1F3B9264-625D-4366-A612-B734BB0B3FB7} = {827E0CD3-B72D-47B6-A68D-7590B98EB39B}
	EndGlobalSection
EndGlobal
